{
  "version": 4,
  "terraform_version": "1.9.3",
  "serial": 3,
  "lineage": "b7dc03ca-045e-745e-5452-058e756f5b27",
  "outputs": {},
  "resources": [
    {
      "mode": "managed",
      "type": "github_repository",
      "name": "TerraFrom",
      "provider": "provider[\"registry.terraform.io/hashicorp/github\"]",
      "instances": [
        {
          "schema_version": 1,
          "attributes": {
            "allow_auto_merge": false,
            "allow_merge_commit": true,
            "allow_rebase_merge": true,
            "allow_squash_merge": true,
            "allow_update_branch": false,
            "archive_on_destroy": null,
            "archived": false,
            "auto_init": true,
            "default_branch": "main",
            "delete_branch_on_merge": false,
            "description": "My First Repo From TerraFrom",
            "etag": "W/\"fb3e29cccec8a796ed1aada88e87b5e0e2fa681f768dca3b031c373fc39d6ff5\"",
            "full_name": "nawazquazi1/Repo_From_Terraform",
            "git_clone_url": "git://github.com/nawazquazi1/Repo_From_Terraform.git",
            "gitignore_template": null,
            "has_discussions": false,
            "has_downloads": false,
            "has_issues": false,
            "has_projects": false,
            "has_wiki": false,
            "homepage_url": "",
            "html_url": "https://github.com/nawazquazi1/Repo_From_Terraform",
            "http_clone_url": "https://github.com/nawazquazi1/Repo_From_Terraform.git",
            "id": "Repo_From_Terraform",
            "ignore_vulnerability_alerts_during_read": null,
            "is_template": false,
            "license_template": null,
            "merge_commit_message": "PR_TITLE",
            "merge_commit_title": "MERGE_MESSAGE",
            "name": "Repo_From_Terraform",
            "node_id": "R_kgDOMfMzJg",
            "pages": [],
            "primary_language": "",
            "private": false,
            "repo_id": 838021926,
            "security_and_analysis": [
              {
                "advanced_security": [],
                "secret_scanning": [
                  {
                    "status": "enabled"
                  }
                ],
                "secret_scanning_push_protection": [
                  {
                    "status": "enabled"
                  }
                ]
              }
            ],
            "squash_merge_commit_message": "COMMIT_MESSAGES",
            "squash_merge_commit_title": "COMMIT_OR_PR_TITLE",
            "ssh_clone_url": "git@github.com:nawazquazi1/Repo_From_Terraform.git",
            "svn_url": "https://github.com/nawazquazi1/Repo_From_Terraform",
            "template": [],
            "topics": [],
            "visibility": "public",
            "vulnerability_alerts": false,
            "web_commit_signoff_required": false
          },
          "sensitive_attributes": [],
          "private": "eyJzY2hlbWFfdmVyc2lvbiI6IjEifQ=="
        }
      ]
    }
  ],
  "check_results": null
}
